
Microsoft Visual Studio Solution File, Format Version 11.00
# Visual Studio 2010
Project("{FAE04EC0-301F-11D3-BF4B-00C04F79EFBC}") = "JungleMan", "Assembly-CSharp.csproj", "{FF7A9394-8EE5-9F4C-9F64-B56B40CDDFA9}"
EndProject
Project("{FAE04EC0-301F-11D3-BF4B-00C04F79EFBC}") = "JungleMan", "Assembly-CSharp-firstpass.csproj", "{9A278A86-8A53-8987-2EFE-4AB0EB65BF74}"
EndProject
Project("{FAE04EC0-301F-11D3-BF4B-00C04F79EFBC}") = "JungleMan", "Assembly-CSharp-Editor-firstpass.csproj", "{E7D33724-1D02-A18D-92A5-64E7F091A7B8}"
EndProject
Project("{FAE04EC0-301F-11D3-BF4B-00C04F79EFBC}") = "JungleMan", "Assembly-CSharp-Editor.csproj", "{29412ABC-C0C5-FC26-2F8D-A7C651281473}"
EndProject
Global
	GlobalSection(SolutionConfigurationPlatforms) = preSolution
		Debug|Any CPU = Debug|Any CPU
		Release|Any CPU = Release|Any CPU
	EndGlobalSection
	GlobalSection(ProjectConfigurationPlatforms) = postSolution
		{FF7A9394-8EE5-9F4C-9F64-B56B40CDDFA9}.Debug|Any CPU.ActiveCfg = Debug|Any CPU
		{FF7A9394-8EE5-9F4C-9F64-B56B40CDDFA9}.Debug|Any CPU.Build.0 = Debug|Any CPU
		{FF7A9394-8EE5-9F4C-9F64-B56B40CDDFA9}.Release|Any CPU.ActiveCfg = Release|Any CPU
		{FF7A9394-8EE5-9F4C-9F64-B56B40CDDFA9}.Release|Any CPU.Build.0 = Release|Any CPU
		{9A278A86-8A53-8987-2EFE-4AB0EB65BF74}.Debug|Any CPU.ActiveCfg = Debug|Any CPU
		{9A278A86-8A53-8987-2EFE-4AB0EB65BF74}.Debug|Any CPU.Build.0 = Debug|Any CPU
		{9A278A86-8A53-8987-2EFE-4AB0EB65BF74}.Release|Any CPU.ActiveCfg = Release|Any CPU
		{9A278A86-8A53-8987-2EFE-4AB0EB65BF74}.Release|Any CPU.Build.0 = Release|Any CPU
		{E7D33724-1D02-A18D-92A5-64E7F091A7B8}.Debug|Any CPU.ActiveCfg = Debug|Any CPU
		{E7D33724-1D02-A18D-92A5-64E7F091A7B8}.Debug|Any CPU.Build.0 = Debug|Any CPU
		{E7D33724-1D02-A18D-92A5-64E7F091A7B8}.Release|Any CPU.ActiveCfg = Release|Any CPU
		{E7D33724-1D02-A18D-92A5-64E7F091A7B8}.Release|Any CPU.Build.0 = Release|Any CPU
		{29412ABC-C0C5-FC26-2F8D-A7C651281473}.Debug|Any CPU.ActiveCfg = Debug|Any CPU
		{29412ABC-C0C5-FC26-2F8D-A7C651281473}.Debug|Any CPU.Build.0 = Debug|Any CPU
		{29412ABC-C0C5-FC26-2F8D-A7C651281473}.Release|Any CPU.ActiveCfg = Release|Any CPU
		{29412ABC-C0C5-FC26-2F8D-A7C651281473}.Release|Any CPU.Build.0 = Release|Any CPU
	EndGlobalSection
	GlobalSection(SolutionProperties) = preSolution
		HideSolutionNode = FALSE
	EndGlobalSection
	GlobalSection(MonoDevelopProperties) = preSolution
		StartupItem = Assembly-CSharp.csproj
	EndGlobalSection
EndGlobal
